
Microsoft Visual Studio Solution File, Format Version 12.00
# Visual Studio Version 16
VisualStudioVersion = 16.0.32106.194
MinimumVisualStudioVersion = 10.0.40219.1
Project("{FAE04EC0-301F-11D3-BF4B-00C04F79EFBC}") = "PersonalityTest", "PersonalityTest\PersonalityTest.csproj", "{AFB0DAE3-45D6-43D8-B4BA-442FC93C97B1}"
EndProject
Project("{FAE04EC0-301F-11D3-BF4B-00C04F79EFBC}") = "PersonalityTestSwicth", "PersonalityTestSwicth\PersonalityTestSwicth.csproj", "{06926F1B-4ABD-4172-BC17-B85DF3869643}"
EndProject
Project("{FAE04EC0-301F-11D3-BF4B-00C04F79EFBC}") = "GradingIf", "GradingIf\GradingIf.csproj", "{B591D6F8-356B-4F0D-B4CF-AA0BABA92211}"
EndProject
Project("{FAE04EC0-301F-11D3-BF4B-00C04F79EFBC}") = "GradingSwitch", "GradingSwitch\GradingSwitch.csproj", "{8D5FCE68-6D01-4E28-A480-DFFB3678D048}"
EndProject
Project("{FAE04EC0-301F-11D3-BF4B-00C04F79EFBC}") = "CatsAndDogs", "CatsAndDogs\CatsAndDogs.csproj", "{F540AD9C-95A4-472A-9E52-FE44C975A2C0}"
EndProject
Global
	GlobalSection(SolutionConfigurationPlatforms) = preSolution
		Debug|Any CPU = Debug|Any CPU
		Release|Any CPU = Release|Any CPU
	EndGlobalSection
	GlobalSection(ProjectConfigurationPlatforms) = postSolution
		{AFB0DAE3-45D6-43D8-B4BA-442FC93C97B1}.Debug|Any CPU.ActiveCfg = Debug|Any CPU
		{AFB0DAE3-45D6-43D8-B4BA-442FC93C97B1}.Debug|Any CPU.Build.0 = Debug|Any CPU
		{AFB0DAE3-45D6-43D8-B4BA-442FC93C97B1}.Release|Any CPU.ActiveCfg = Release|Any CPU
		{AFB0DAE3-45D6-43D8-B4BA-442FC93C97B1}.Release|Any CPU.Build.0 = Release|Any CPU
		{06926F1B-4ABD-4172-BC17-B85DF3869643}.Debug|Any CPU.ActiveCfg = Debug|Any CPU
		{06926F1B-4ABD-4172-BC17-B85DF3869643}.Debug|Any CPU.Build.0 = Debug|Any CPU
		{06926F1B-4ABD-4172-BC17-B85DF3869643}.Release|Any CPU.ActiveCfg = Release|Any CPU
		{06926F1B-4ABD-4172-BC17-B85DF3869643}.Release|Any CPU.Build.0 = Release|Any CPU
		{B591D6F8-356B-4F0D-B4CF-AA0BABA92211}.Debug|Any CPU.ActiveCfg = Debug|Any CPU
		{B591D6F8-356B-4F0D-B4CF-AA0BABA92211}.Debug|Any CPU.Build.0 = Debug|Any CPU
		{B591D6F8-356B-4F0D-B4CF-AA0BABA92211}.Release|Any CPU.ActiveCfg = Release|Any CPU
		{B591D6F8-356B-4F0D-B4CF-AA0BABA92211}.Release|Any CPU.Build.0 = Release|Any CPU
		{8D5FCE68-6D01-4E28-A480-DFFB3678D048}.Debug|Any CPU.ActiveCfg = Debug|Any CPU
		{8D5FCE68-6D01-4E28-A480-DFFB3678D048}.Debug|Any CPU.Build.0 = Debug|Any CPU
		{8D5FCE68-6D01-4E28-A480-DFFB3678D048}.Release|Any CPU.ActiveCfg = Release|Any CPU
		{8D5FCE68-6D01-4E28-A480-DFFB3678D048}.Release|Any CPU.Build.0 = Release|Any CPU
		{F540AD9C-95A4-472A-9E52-FE44C975A2C0}.Debug|Any CPU.ActiveCfg = Debug|Any CPU
		{F540AD9C-95A4-472A-9E52-FE44C975A2C0}.Debug|Any CPU.Build.0 = Debug|Any CPU
		{F540AD9C-95A4-472A-9E52-FE44C975A2C0}.Release|Any CPU.ActiveCfg = Release|Any CPU
		{F540AD9C-95A4-472A-9E52-FE44C975A2C0}.Release|Any CPU.Build.0 = Release|Any CPU
	EndGlobalSection
	GlobalSection(SolutionProperties) = preSolution
		HideSolutionNode = FALSE
	EndGlobalSection
	GlobalSection(ExtensibilityGlobals) = postSolution
		SolutionGuid = {85802097-5F8D-43F3-BD75-C81FBA089453}
	EndGlobalSection
EndGlobal
